
Microsoft Visual Studio Solution File, Format Version 12.00
# Visual Studio Version 17
VisualStudioVersion = 17.7.34031.279
MinimumVisualStudioVersion = 10.0.40219.1
Project("{FAE04EC0-301F-11D3-BF4B-00C04F79EFBC}") = "LayoutViewExample", "LayoutViewExample\LayoutViewExample.csproj", "{1493E0CC-CCD3-4AA5-9577-D938B0941E8E}"
EndProject
Global
	GlobalSection(SolutionConfigurationPlatforms) = preSolution
		Debug|Any CPU = Debug|Any CPU
		Release|Any CPU = Release|Any CPU
	EndGlobalSection
	GlobalSection(ProjectConfigurationPlatforms) = postSolution
		{1493E0CC-CCD3-4AA5-9577-D938B0941E8E}.Debug|Any CPU.ActiveCfg = Debug|Any CPU
		{1493E0CC-CCD3-4AA5-9577-D938B0941E8E}.Debug|Any CPU.Build.0 = Debug|Any CPU
		{1493E0CC-CCD3-4AA5-9577-D938B0941E8E}.Release|Any CPU.ActiveCfg = Release|Any CPU
		{1493E0CC-CCD3-4AA5-9577-D938B0941E8E}.Release|Any CPU.Build.0 = Release|Any CPU
	EndGlobalSection
	GlobalSection(SolutionProperties) = preSolution
		HideSolutionNode = FALSE
	EndGlobalSection
	GlobalSection(ExtensibilityGlobals) = postSolution
		SolutionGuid = {98AA3A97-87BA-4142-B371-261EF1870E7E}
	EndGlobalSection
EndGlobal
